Microsoft Visual Studio Solution File, Format Version 12.00
# Visual Studio 15
VisualStudioVersion = 15.0.27130.2027
MinimumVisualStudioVersion = 10.0.40219.1
Project("{FAE04EC0-301F-11D3-BF4B-00C04F79EFBC}") = "LandProyect", "LandProyect\LandProyect.csproj", "{5717DCE3-675C-4FDD-8888-9085CD152673}"
EndProject
Project("{FAE04EC0-301F-11D3-BF4B-00C04F79EFBC}") = "LandProyect.iOS", "iOS\LandProyect.iOS.csproj", "{78A22164-0D22-407E-AF3E-76528B105F0C}"
EndProject
Project("{FAE04EC0-301F-11D3-BF4B-00C04F79EFBC}") = "LandProyect.Droid", "Droid\LandProyect.Droid.csproj", "{DD967E5E-80EF-40AC-A6E7-B9D565609885}"
EndProject
Project("{FAE04EC0-301F-11D3-BF4B-00C04F79EFBC}") = "LandProyect.Domain", "LandProyect.Domain\LandProyect.Domain.csproj", "{78632723-4416-4495-A76B-A545C9817848}"
EndProject
Project("{FAE04EC0-301F-11D3-BF4B-00C04F79EFBC}") = "LandProyect.Backend", "LandProyect.Backend\LandProyect.Backend.csproj", "{BD847B14-797E-4E6A-97BE-A887D7A252D3}"
EndProject
Project("{FAE04EC0-301F-11D3-BF4B-00C04F79EFBC}") = "LandProyect.API", "LandProyect.API\LandProyect.API.csproj", "{53C710D4-B4DC-4E55-8B73-DD298E57D24C}"
EndProject
Global
	GlobalSection(SolutionConfigurationPlatforms) = preSolution
		Debug|Any CPU = Debug|Any CPU
		Debug|iPhone = Debug|iPhone
		Debug|iPhoneSimulator = Debug|iPhoneSimulator
		Release|Any CPU = Release|Any CPU
		Release|iPhone = Release|iPhone
		Release|iPhoneSimulator = Release|iPhoneSimulator
	EndGlobalSection
	GlobalSection(ProjectConfigurationPlatforms) = postSolution
		{5717DCE3-675C-4FDD-8888-9085CD152673}.Debug|Any CPU.ActiveCfg = Debug|Any CPU
		{5717DCE3-675C-4FDD-8888-9085CD152673}.Debug|Any CPU.Build.0 = Debug|Any CPU
		{5717DCE3-675C-4FDD-8888-9085CD152673}.Debug|iPhone.ActiveCfg = Debug|Any CPU
		{5717DCE3-675C-4FDD-8888-9085CD152673}.Debug|iPhone.Build.0 = Debug|Any CPU
		{5717DCE3-675C-4FDD-8888-9085CD152673}.Debug|iPhoneSimulator.ActiveCfg = Debug|Any CPU
		{5717DCE3-675C-4FDD-8888-9085CD152673}.Debug|iPhoneSimulator.Build.0 = Debug|Any CPU
		{5717DCE3-675C-4FDD-8888-9085CD152673}.Release|Any CPU.ActiveCfg = Release|Any CPU
		{5717DCE3-675C-4FDD-8888-9085CD152673}.Release|Any CPU.Build.0 = Release|Any CPU
		{5717DCE3-675C-4FDD-8888-9085CD152673}.Release|iPhone.ActiveCfg = Release|Any CPU
		{5717DCE3-675C-4FDD-8888-9085CD152673}.Release|iPhone.Build.0 = Release|Any CPU
		{5717DCE3-675C-4FDD-8888-9085CD152673}.Release|iPhoneSimulator.ActiveCfg = Release|Any CPU
		{5717DCE3-675C-4FDD-8888-9085CD152673}.Release|iPhoneSimulator.Build.0 = Release|Any CPU
		{78A22164-0D22-407E-AF3E-76528B105F0C}.Debug|Any CPU.ActiveCfg = Debug|iPhoneSimulator
		{78A22164-0D22-407E-AF3E-76528B105F0C}.Debug|Any CPU.Build.0 = Debug|iPhoneSimulator
		{78A22164-0D22-407E-AF3E-76528B105F0C}.Debug|iPhone.ActiveCfg = Debug|iPhone
		{78A22164-0D22-407E-AF3E-76528B105F0C}.Debug|iPhone.Build.0 = Debug|iPhone
		{78A22164-0D22-407E-AF3E-76528B105F0C}.Debug|iPhoneSimulator.ActiveCfg = Debug|iPhoneSimulator
		{78A22164-0D22-407E-AF3E-76528B105F0C}.Debug|iPhoneSimulator.Build.0 = Debug|iPhoneSimulator
		{78A22164-0D22-407E-AF3E-76528B105F0C}.Release|Any CPU.ActiveCfg = Release|iPhone
		{78A22164-0D22-407E-AF3E-76528B105F0C}.Release|Any CPU.Build.0 = Release|iPhone
		{78A22164-0D22-407E-AF3E-76528B105F0C}.Release|iPhone.ActiveCfg = Release|iPhone
		{78A22164-0D22-407E-AF3E-76528B105F0C}.Release|iPhone.Build.0 = Release|iPhone
		{78A22164-0D22-407E-AF3E-76528B105F0C}.Release|iPhoneSimulator.ActiveCfg = Release|iPhoneSimulator
		{78A22164-0D22-407E-AF3E-76528B105F0C}.Release|iPhoneSimulator.Build.0 = Release|iPhoneSimulator
		{DD967E5E-80EF-40AC-A6E7-B9D565609885}.Debug|Any CPU.ActiveCfg = Debug|Any CPU
		{DD967E5E-80EF-40AC-A6E7-B9D565609885}.Debug|Any CPU.Build.0 = Debug|Any CPU
		{DD967E5E-80EF-40AC-A6E7-B9D565609885}.Debug|Any CPU.Deploy.0 = Debug|Any CPU
		{DD967E5E-80EF-40AC-A6E7-B9D565609885}.Debug|iPhone.ActiveCfg = Debug|Any CPU
		{DD967E5E-80EF-40AC-A6E7-B9D565609885}.Debug|iPhone.Build.0 = Debug|Any CPU
		{DD967E5E-80EF-40AC-A6E7-B9D565609885}.Debug|iPhoneSimulator.ActiveCfg = Debug|Any CPU
		{DD967E5E-80EF-40AC-A6E7-B9D565609885}.Debug|iPhoneSimulator.Build.0 = Debug|Any CPU
		{DD967E5E-80EF-40AC-A6E7-B9D565609885}.Debug|iPhoneSimulator.Deploy.0 = Debug|Any CPU
		{DD967E5E-80EF-40AC-A6E7-B9D565609885}.Release|Any CPU.ActiveCfg = Release|Any CPU
		{DD967E5E-80EF-40AC-A6E7-B9D565609885}.Release|Any CPU.Build.0 = Release|Any CPU
		{DD967E5E-80EF-40AC-A6E7-B9D565609885}.Release|iPhone.ActiveCfg = Release|Any CPU
		{DD967E5E-80EF-40AC-A6E7-B9D565609885}.Release|iPhone.Build.0 = Release|Any CPU
		{DD967E5E-80EF-40AC-A6E7-B9D565609885}.Release|iPhoneSimulator.ActiveCfg = Release|Any CPU
		{DD967E5E-80EF-40AC-A6E7-B9D565609885}.Release|iPhoneSimulator.Build.0 = Release|Any CPU
		{78632723-4416-4495-A76B-A545C9817848}.Debug|Any CPU.ActiveCfg = Debug|Any CPU
		{78632723-4416-4495-A76B-A545C9817848}.Debug|Any CPU.Build.0 = Debug|Any CPU
		{78632723-4416-4495-A76B-A545C9817848}.Debug|iPhone.ActiveCfg = Debug|Any CPU
		{78632723-4416-4495-A76B-A545C9817848}.Debug|iPhone.Build.0 = Debug|Any CPU
		{78632723-4416-4495-A76B-A545C9817848}.Debug|iPhoneSimulator.ActiveCfg = Debug|Any CPU
		{78632723-4416-4495-A76B-A545C9817848}.Debug|iPhoneSimulator.Build.0 = Debug|Any CPU
		{78632723-4416-4495-A76B-A545C9817848}.Release|Any CPU.ActiveCfg = Release|Any CPU
		{78632723-4416-4495-A76B-A545C9817848}.Release|Any CPU.Build.0 = Release|Any CPU
		{78632723-4416-4495-A76B-A545C9817848}.Release|iPhone.ActiveCfg = Release|Any CPU
		{78632723-4416-4495-A76B-A545C9817848}.Release|iPhone.Build.0 = Release|Any CPU
		{78632723-4416-4495-A76B-A545C9817848}.Release|iPhoneSimulator.ActiveCfg = Release|Any CPU
		{78632723-4416-4495-A76B-A545C9817848}.Release|iPhoneSimulator.Build.0 = Release|Any CPU
		{BD847B14-797E-4E6A-97BE-A887D7A252D3}.Debug|Any CPU.ActiveCfg = Debug|Any CPU
		{BD847B14-797E-4E6A-97BE-A887D7A252D3}.Debug|Any CPU.Build.0 = Debug|Any CPU
		{BD847B14-797E-4E6A-97BE-A887D7A252D3}.Debug|iPhone.ActiveCfg = Debug|Any CPU
		{BD847B14-797E-4E6A-97BE-A887D7A252D3}.Debug|iPhone.Build.0 = Debug|Any CPU
		{BD847B14-797E-4E6A-97BE-A887D7A252D3}.Debug|iPhoneSimulator.ActiveCfg = Debug|Any CPU
		{BD847B14-797E-4E6A-97BE-A887D7A252D3}.Debug|iPhoneSimulator.Build.0 = Debug|Any CPU
		{BD847B14-797E-4E6A-97BE-A887D7A252D3}.Release|Any CPU.ActiveCfg = Release|Any CPU
		{BD847B14-797E-4E6A-97BE-A887D7A252D3}.Release|Any CPU.Build.0 = Release|Any CPU
		{BD847B14-797E-4E6A-97BE-A887D7A252D3}.Release|iPhone.ActiveCfg = Release|Any CPU
		{BD847B14-797E-4E6A-97BE-A887D7A252D3}.Release|iPhone.Build.0 = Release|Any CPU
		{BD847B14-797E-4E6A-97BE-A887D7A252D3}.Release|iPhoneSimulator.ActiveCfg = Release|Any CPU
		{BD847B14-797E-4E6A-97BE-A887D7A252D3}.Release|iPhoneSimulator.Build.0 = Release|Any CPU
		{53C710D4-B4DC-4E55-8B73-DD298E57D24C}.Debug|Any CPU.ActiveCfg = Debug|Any CPU
		{53C710D4-B4DC-4E55-8B73-DD298E57D24C}.Debug|Any CPU.Build.0 = Debug|Any CPU
		{53C710D4-B4DC-4E55-8B73-DD298E57D24C}.Debug|iPhone.ActiveCfg = Debug|Any CPU
		{53C710D4-B4DC-4E55-8B73-DD298E57D24C}.Debug|iPhone.Build.0 = Debug|Any CPU
		{53C710D4-B4DC-4E55-8B73-DD298E57D24C}.Debug|iPhoneSimulator.ActiveCfg = Debug|Any CPU
		{53C710D4-B4DC-4E55-8B73-DD298E57D24C}.Debug|iPhoneSimulator.Build.0 = Debug|Any CPU
		{53C710D4-B4DC-4E55-8B73-DD298E57D24C}.Release|Any CPU.ActiveCfg = Release|Any CPU
		{53C710D4-B4DC-4E55-8B73-DD298E57D24C}.Release|Any CPU.Build.0 = Release|Any CPU
		{53C710D4-B4DC-4E55-8B73-DD298E57D24C}.Release|iPhone.ActiveCfg = Release|Any CPU
		{53C710D4-B4DC-4E55-8B73-DD298E57D24C}.Release|iPhone.Build.0 = Release|Any CPU
		{53C710D4-B4DC-4E55-8B73-DD298E57D24C}.Release|iPhoneSimulator.ActiveCfg = Release|Any CPU
		{53C710D4-B4DC-4E55-8B73-DD298E57D24C}.Release|iPhoneSimulator.Build.0 = Release|Any CPU
	EndGlobalSection
	GlobalSection(SolutionProperties) = preSolution
		HideSolutionNode = FALSE
	EndGlobalSection
	GlobalSection(ExtensibilityGlobals) = postSolution
		SolutionGuid = {87CEA354-EAA7-43E9-942C-ECB97F89D7FF}
	EndGlobalSection
EndGlobal
